// !$*UTF8*$!
{
	archiveVersion = 1;
	classes = {
	};
	objectVersion = 55;
	objects = {

/* Begin PBXBuildFile section */
		F9E5124E273EDC3200259B80 /* AppDelegate.swift in Sources */ = {isa = PBXBuildFile; fileRef = F9E5124D273EDC3200259B80 /* AppDelegate.swift */; };
		F9E51250273EDC3200259B80 /* SceneDelegate.swift in Sources */ = {isa = PBXBuildFile; fileRef = F9E5124F273EDC3200259B80 /* SceneDelegate.swift */; };
		F9E51257273EDC3300259B80 /* Assets.xcassets in Resources */ = {isa = PBXBuildFile; fileRef = F9E51256273EDC3300259B80 /* Assets.xcassets */; };
		F9E5125A273EDC3300259B80 /* LaunchScreen.storyboard in Resources */ = {isa = PBXBuildFile; fileRef = F9E51258273EDC3300259B80 /* LaunchScreen.storyboard */; };
		F9E51265273EDC3400259B80 /* ITunesAppTests.swift in Sources */ = {isa = PBXBuildFile; fileRef = F9E51264273EDC3400259B80 /* ITunesAppTests.swift */; };
		F9E5126F273EDC3400259B80 /* ITunesAppUITests.swift in Sources */ = {isa = PBXBuildFile; fileRef = F9E5126E273EDC3400259B80 /* ITunesAppUITests.swift */; };
		F9E51271273EDC3400259B80 /* ITunesAppUITestsLaunchTests.swift in Sources */ = {isa = PBXBuildFile; fileRef = F9E51270273EDC3400259B80 /* ITunesAppUITestsLaunchTests.swift */; };
		F9E5127F273EE8D500259B80 /* AlbumListViewController.swift in Sources */ = {isa = PBXBuildFile; fileRef = F9E5127E273EE8D500259B80 /* AlbumListViewController.swift */; };
		F9E51281273EEDD300259B80 /* AlbumListInteractor.swift in Sources */ = {isa = PBXBuildFile; fileRef = F9E51280273EEDD300259B80 /* AlbumListInteractor.swift */; };
		F9E51283273EEDE100259B80 /* AlbumListPresenter.swift in Sources */ = {isa = PBXBuildFile; fileRef = F9E51282273EEDE100259B80 /* AlbumListPresenter.swift */; };
		F9E51285273EF1C900259B80 /* AlbumListConfigurator.swift in Sources */ = {isa = PBXBuildFile; fileRef = F9E51284273EF1C900259B80 /* AlbumListConfigurator.swift */; };
		F9E51289273EF5C700259B80 /* NSObject+ClassName.swift in Sources */ = {isa = PBXBuildFile; fileRef = F9E51288273EF5C700259B80 /* NSObject+ClassName.swift */; };
		F9E5128C2740141C00259B80 /* AlbumCollectionViewCell.swift in Sources */ = {isa = PBXBuildFile; fileRef = F9E5128B2740141C00259B80 /* AlbumCollectionViewCell.swift */; };
		F9E5128E274015C200259B80 /* AlbumListModels.swift in Sources */ = {isa = PBXBuildFile; fileRef = F9E5128D274015C200259B80 /* AlbumListModels.swift */; };
		F9E512912740164900259B80 /* Album.swift in Sources */ = {isa = PBXBuildFile; fileRef = F9E512902740164900259B80 /* Album.swift */; };
		F9E512942740437200259B80 /* NetworkManager.swift in Sources */ = {isa = PBXBuildFile; fileRef = F9E512932740437200259B80 /* NetworkManager.swift */; };
		F9E5129627410DB100259B80 /* ImageManager.swift in Sources */ = {isa = PBXBuildFile; fileRef = F9E5129527410DB100259B80 /* ImageManager.swift */; };
/* End PBXBuildFile section */

/* Begin PBXContainerItemProxy section */
		F9E51261273EDC3400259B80 /* PBXContainerItemProxy */ = {
			isa = PBXContainerItemProxy;
			containerPortal = F9E51242273EDC3200259B80 /* Project object */;
			proxyType = 1;
			remoteGlobalIDString = F9E51249273EDC3200259B80;
			remoteInfo = ITunesApp;
		};
		F9E5126B273EDC3400259B80 /* PBXContainerItemProxy */ = {
			isa = PBXContainerItemProxy;
			containerPortal = F9E51242273EDC3200259B80 /* Project object */;
			proxyType = 1;
			remoteGlobalIDString = F9E51249273EDC3200259B80;
			remoteInfo = ITunesApp;
		};
/* End PBXContainerItemProxy section */

/* Begin PBXFileReference section */
		F9E5124A273EDC3200259B80 /* ITunesApp.app */ = {isa = PBXFileReference; explicitFileType = wrapper.application; includeInIndex = 0; path = ITunesApp.app; sourceTree = BUILT_PRODUCTS_DIR; };
		F9E5124D273EDC3200259B80 /* AppDelegate.swift */ = {isa = PBXFileReference; lastKnownFileType = sourcecode.swift; path = AppDelegate.swift; sourceTree = "<group>"; };
		F9E5124F273EDC3200259B80 /* SceneDelegate.swift */ = {isa = PBXFileReference; lastKnownFileType = sourcecode.swift; path = SceneDelegate.swift; sourceTree = "<group>"; };
		F9E51256273EDC3300259B80 /* Assets.xcassets */ = {isa = PBXFileReference; lastKnownFileType = folder.assetcatalog; path = Assets.xcassets; sourceTree = "<group>"; };
		F9E51259273EDC3300259B80 /* Base */ = {isa = PBXFileReference; lastKnownFileType = file.storyboard; name = Base; path = Base.lproj/LaunchScreen.storyboard; sourceTree = "<group>"; };
		F9E5125B273EDC3300259B80 /* Info.plist */ = {isa = PBXFileReference; lastKnownFileType = text.plist.xml; path = Info.plist; sourceTree = "<group>"; };
		F9E51260273EDC3400259B80 /* ITunesAppTests.xctest */ = {isa = PBXFileReference; explicitFileType = wrapper.cfbundle; includeInIndex = 0; path = ITunesAppTests.xctest; sourceTree = BUILT_PRODUCTS_DIR; };
		F9E51264273EDC3400259B80 /* ITunesAppTests.swift */ = {isa = PBXFileReference; lastKnownFileType = sourcecode.swift; path = ITunesAppTests.swift; sourceTree = "<group>"; };
		F9E5126A273EDC3400259B80 /* ITunesAppUITests.xctest */ = {isa = PBXFileReference; explicitFileType = wrapper.cfbundle; includeInIndex = 0; path = ITunesAppUITests.xctest; sourceTree = BUILT_PRODUCTS_DIR; };
		F9E5126E273EDC3400259B80 /* ITunesAppUITests.swift */ = {isa = PBXFileReference; lastKnownFileType = sourcecode.swift; path = ITunesAppUITests.swift; sourceTree = "<group>"; };
		F9E51270273EDC3400259B80 /* ITunesAppUITestsLaunchTests.swift */ = {isa = PBXFileReference; lastKnownFileType = sourcecode.swift; path = ITunesAppUITestsLaunchTests.swift; sourceTree = "<group>"; };
		F9E5127E273EE8D500259B80 /* AlbumListViewController.swift */ = {isa = PBXFileReference; lastKnownFileType = sourcecode.swift; path = AlbumListViewController.swift; sourceTree = "<group>"; };
		F9E51280273EEDD300259B80 /* AlbumListInteractor.swift */ = {isa = PBXFileReference; lastKnownFileType = sourcecode.swift; path = AlbumListInteractor.swift; sourceTree = "<group>"; };
		F9E51282273EEDE100259B80 /* AlbumListPresenter.swift */ = {isa = PBXFileReference; lastKnownFileType = sourcecode.swift; path = AlbumListPresenter.swift; sourceTree = "<group>"; };
		F9E51284273EF1C900259B80 /* AlbumListConfigurator.swift */ = {isa = PBXFileReference; lastKnownFileType = sourcecode.swift; path = AlbumListConfigurator.swift; sourceTree = "<group>"; };
		F9E51288273EF5C700259B80 /* NSObject+ClassName.swift */ = {isa = PBXFileReference; lastKnownFileType = sourcecode.swift; path = "NSObject+ClassName.swift"; sourceTree = "<group>"; };
		F9E5128B2740141C00259B80 /* AlbumCollectionViewCell.swift */ = {isa = PBXFileReference; lastKnownFileType = sourcecode.swift; path = AlbumCollectionViewCell.swift; sourceTree = "<group>"; };
		F9E5128D274015C200259B80 /* AlbumListModels.swift */ = {isa = PBXFileReference; lastKnownFileType = sourcecode.swift; path = AlbumListModels.swift; sourceTree = "<group>"; };
		F9E512902740164900259B80 /* Album.swift */ = {isa = PBXFileReference; lastKnownFileType = sourcecode.swift; path = Album.swift; sourceTree = "<group>"; };
		F9E512932740437200259B80 /* NetworkManager.swift */ = {isa = PBXFileReference; lastKnownFileType = sourcecode.swift; path = NetworkManager.swift; sourceTree = "<group>"; };
		F9E5129527410DB100259B80 /* ImageManager.swift */ = {isa = PBXFileReference; lastKnownFileType = sourcecode.swift; path = ImageManager.swift; sourceTree = "<group>"; };
/* End PBXFileReference section */

/* Begin PBXFrameworksBuildPhase section */
		F9E51247273EDC3200259B80 /* Frameworks */ = {
			isa = PBXFrameworksBuildPhase;
			buildActionMask = 2147483647;
			files = (
			);
			runOnlyForDeploymentPostprocessing = 0;
		};
		F9E5125D273EDC3400259B80 /* Frameworks */ = {
			isa = PBXFrameworksBuildPhase;
			buildActionMask = 2147483647;
			files = (
			);
			runOnlyForDeploymentPostprocessing = 0;
		};
		F9E51267273EDC3400259B80 /* Frameworks */ = {
			isa = PBXFrameworksBuildPhase;
			buildActionMask = 2147483647;
			files = (
			);
			runOnlyForDeploymentPostprocessing = 0;
		};
/* End PBXFrameworksBuildPhase section */

/* Begin PBXGroup section */
		F9E51241273EDC3200259B80 = {
			isa = PBXGroup;
			children = (
				F9E5124C273EDC3200259B80 /* ITunesApp */,
				F9E51263273EDC3400259B80 /* ITunesAppTests */,
				F9E5126D273EDC3400259B80 /* ITunesAppUITests */,
				F9E5124B273EDC3200259B80 /* Products */,
			);
			sourceTree = "<group>";
		};
		F9E5124B273EDC3200259B80 /* Products */ = {
			isa = PBXGroup;
			children = (
				F9E5124A273EDC3200259B80 /* ITunesApp.app */,
				F9E51260273EDC3400259B80 /* ITunesAppTests.xctest */,
				F9E5126A273EDC3400259B80 /* ITunesAppUITests.xctest */,
			);
			name = Products;
			sourceTree = "<group>";
		};
		F9E5124C273EDC3200259B80 /* ITunesApp */ = {
			isa = PBXGroup;
			children = (
				F9E5127D273EE59800259B80 /* Scenes */,
				F9E512922740434500259B80 /* Managers */,
				F9E51256273EDC3300259B80 /* Assets.xcassets */,
				F9E51258273EDC3300259B80 /* LaunchScreen.storyboard */,
				F9E5125B273EDC3300259B80 /* Info.plist */,
			);
			path = ITunesApp;
			sourceTree = "<group>";
		};
		F9E51263273EDC3400259B80 /* ITunesAppTests */ = {
			isa = PBXGroup;
			children = (
				F9E51264273EDC3400259B80 /* ITunesAppTests.swift */,
			);
			path = ITunesAppTests;
			sourceTree = "<group>";
		};
		F9E5126D273EDC3400259B80 /* ITunesAppUITests */ = {
			isa = PBXGroup;
			children = (
				F9E5126E273EDC3400259B80 /* ITunesAppUITests.swift */,
				F9E51270273EDC3400259B80 /* ITunesAppUITestsLaunchTests.swift */,
			);
			path = ITunesAppUITests;
			sourceTree = "<group>";
		};
		F9E5127D273EE59800259B80 /* Scenes */ = {
			isa = PBXGroup;
			children = (
				F9E5124D273EDC3200259B80 /* AppDelegate.swift */,
				F9E5124F273EDC3200259B80 /* SceneDelegate.swift */,
				F9E51287273EF52D00259B80 /* Extensions */,
				F9E5128F2740162B00259B80 /* Models */,
				F9E51286273EF42900259B80 /* AlbumsList */,
			);
			path = Scenes;
			sourceTree = "<group>";
		};
		F9E51286273EF42900259B80 /* AlbumsList */ = {
			isa = PBXGroup;
			children = (
				F9E5128A2740120400259B80 /* Views */,
				F9E5127E273EE8D500259B80 /* AlbumListViewController.swift */,
				F9E51280273EEDD300259B80 /* AlbumListInteractor.swift */,
				F9E51282273EEDE100259B80 /* AlbumListPresenter.swift */,
				F9E51284273EF1C900259B80 /* AlbumListConfigurator.swift */,
				F9E5128D274015C200259B80 /* AlbumListModels.swift */,
			);
			path = AlbumsList;
			sourceTree = "<group>";
		};
		F9E51287273EF52D00259B80 /* Extensions */ = {
			isa = PBXGroup;
			children = (
				F9E51288273EF5C700259B80 /* NSObject+ClassName.swift */,
			);
			path = Extensions;
			sourceTree = "<group>";
		};
		F9E5128A2740120400259B80 /* Views */ = {
			isa = PBXGroup;
			children = (
				F9E5128B2740141C00259B80 /* AlbumCollectionViewCell.swift */,
			);
			path = Views;
			sourceTree = "<group>";
		};
		F9E5128F2740162B00259B80 /* Models */ = {
			isa = PBXGroup;
			children = (
				F9E512902740164900259B80 /* Album.swift */,
			);
			path = Models;
			sourceTree = "<group>";
		};
		F9E512922740434500259B80 /* Managers */ = {
			isa = PBXGroup;
			children = (
				F9E512932740437200259B80 /* NetworkManager.swift */,
				F9E5129527410DB100259B80 /* ImageManager.swift */,
			);
			path = Managers;
			sourceTree = "<group>";
		};
/* End PBXGroup section */

/* Begin PBXNativeTarget section */
		F9E51249273EDC3200259B80 /* ITunesApp */ = {
			isa = PBXNativeTarget;
			buildConfigurationList = F9E51274273EDC3400259B80 /* Build configuration list for PBXNativeTarget "ITunesApp" */;
			buildPhases = (
				F9E51246273EDC3200259B80 /* Sources */,
				F9E51247273EDC3200259B80 /* Frameworks */,
				F9E51248273EDC3200259B80 /* Resources */,
			);
			buildRules = (
			);
			dependencies = (
			);
			name = ITunesApp;
			productName = ITunesApp;
			productReference = F9E5124A273EDC3200259B80 /* ITunesApp.app */;
			productType = "com.apple.product-type.application";
		};
		F9E5125F273EDC3400259B80 /* ITunesAppTests */ = {
			isa = PBXNativeTarget;
			buildConfigurationList = F9E51277273EDC3400259B80 /* Build configuration list for PBXNativeTarget "ITunesAppTests" */;
			buildPhases = (
				F9E5125C273EDC3400259B80 /* Sources */,
				F9E5125D273EDC3400259B80 /* Frameworks */,
				F9E5125E273EDC3400259B80 /* Resources */,
			);
			buildRules = (
			);
			dependencies = (
				F9E51262273EDC3400259B80 /* PBXTargetDependency */,
			);
			name = ITunesAppTests;
			productName = ITunesAppTests;
			productReference = F9E51260273EDC3400259B80 /* ITunesAppTests.xctest */;
			productType = "com.apple.product-type.bundle.unit-test";
		};
		F9E51269273EDC3400259B80 /* ITunesAppUITests */ = {
			isa = PBXNativeTarget;
			buildConfigurationList = F9E5127A273EDC3400259B80 /* Build configuration list for PBXNativeTarget "ITunesAppUITests" */;
			buildPhases = (
				F9E51266273EDC3400259B80 /* Sources */,
				F9E51267273EDC3400259B80 /* Frameworks */,
				F9E51268273EDC3400259B80 /* Resources */,
			);
			buildRules = (
			);
			dependencies = (
				F9E5126C273EDC3400259B80 /* PBXTargetDependency */,
			);
			name = ITunesAppUITests;
			productName = ITunesAppUITests;
			productReference = F9E5126A273EDC3400259B80 /* ITunesAppUITests.xctest */;
			productType = "com.apple.product-type.bundle.ui-testing";
		};
/* End PBXNativeTarget section */

/* Begin PBXProject section */
		F9E51242273EDC3200259B80 /* Project object */ = {
			isa = PBXProject;
			attributes = {
				BuildIndependentTargetsInParallel = 1;
				LastSwiftUpdateCheck = 1310;
				LastUpgradeCheck = 1310;
				TargetAttributes = {
					F9E51249273EDC3200259B80 = {
						CreatedOnToolsVersion = 13.1;
					};
					F9E5125F273EDC3400259B80 = {
						CreatedOnToolsVersion = 13.1;
						TestTargetID = F9E51249273EDC3200259B80;
					};
					F9E51269273EDC3400259B80 = {
						CreatedOnToolsVersion = 13.1;
						TestTargetID = F9E51249273EDC3200259B80;
					};
				};
			};
			buildConfigurationList = F9E51245273EDC3200259B80 /* Build configuration list for PBXProject "ITunesApp" */;
			compatibilityVersion = "Xcode 13.0";
			developmentRegion = en;
			hasScannedForEncodings = 0;
			knownRegions = (
				en,
				Base,
			);
			mainGroup = F9E51241273EDC3200259B80;
			productRefGroup = F9E5124B273EDC3200259B80 /* Products */;
			projectDirPath = "";
			projectRoot = "";
			targets = (
				F9E51249273EDC3200259B80 /* ITunesApp */,
				F9E5125F273EDC3400259B80 /* ITunesAppTests */,
				F9E51269273EDC3400259B80 /* ITunesAppUITests */,
			);
		};
/* End PBXProject section */

/* Begin PBXResourcesBuildPhase section */
		F9E51248273EDC3200259B80 /* Resources */ = {
			isa = PBXResourcesBuildPhase;
			buildActionMask = 2147483647;
			files = (
				F9E5125A273EDC3300259B80 /* LaunchScreen.storyboard in Resources */,
				F9E51257273EDC3300259B80 /* Assets.xcassets in Resources */,
			);
			runOnlyForDeploymentPostprocessing = 0;
		};
		F9E5125E273EDC3400259B80 /* Resources */ = {
			isa = PBXResourcesBuildPhase;
			buildActionMask = 2147483647;
			files = (
			);
			runOnlyForDeploymentPostprocessing = 0;
		};
		F9E51268273EDC3400259B80 /* Resources */ = {
			isa = PBXResourcesBuildPhase;
			buildActionMask = 2147483647;
			files = (
			);
			runOnlyForDeploymentPostprocessing = 0;
		};
/* End PBXResourcesBuildPhase section */

/* Begin PBXSourcesBuildPhase section */
		F9E51246273EDC3200259B80 /* Sources */ = {
			isa = PBXSourcesBuildPhase;
			buildActionMask = 2147483647;
			files = (
				F9E5128C2740141C00259B80 /* AlbumCollectionViewCell.swift in Sources */,
				F9E51283273EEDE100259B80 /* AlbumListPresenter.swift in Sources */,
				F9E51281273EEDD300259B80 /* AlbumListInteractor.swift in Sources */,
				F9E5129627410DB100259B80 /* ImageManager.swift in Sources */,
				F9E5128E274015C200259B80 /* AlbumListModels.swift in Sources */,
				F9E512942740437200259B80 /* NetworkManager.swift in Sources */,
				F9E5124E273EDC3200259B80 /* AppDelegate.swift in Sources */,
				F9E51250273EDC3200259B80 /* SceneDelegate.swift in Sources */,
				F9E51285273EF1C900259B80 /* AlbumListConfigurator.swift in Sources */,
				F9E5127F273EE8D500259B80 /* AlbumListViewController.swift in Sources */,
				F9E51289273EF5C700259B80 /* NSObject+ClassName.swift in Sources */,
				F9E512912740164900259B80 /* Album.swift in Sources */,
			);
			runOnlyForDeploymentPostprocessing = 0;
		};
		F9E5125C273EDC3400259B80 /* Sources */ = {
			isa = PBXSourcesBuildPhase;
			buildActionMask = 2147483647;
			files = (
				F9E51265273EDC3400259B80 /* ITunesAppTests.swift in Sources */,
			);
			runOnlyForDeploymentPostprocessing = 0;
		};
		F9E51266273EDC3400259B80 /* Sources */ = {
			isa = PBXSourcesBuildPhase;
			buildActionMask = 2147483647;
			files = (
				F9E51271273EDC3400259B80 /* ITunesAppUITestsLaunchTests.swift in Sources */,
				F9E5126F273EDC3400259B80 /* ITunesAppUITests.swift in Sources */,
			);
			runOnlyForDeploymentPostprocessing = 0;
		};
/* End PBXSourcesBuildPhase section */

/* Begin PBXTargetDependency section */
		F9E51262273EDC3400259B80 /* PBXTargetDependency */ = {
			isa = PBXTargetDependency;
			target = F9E51249273EDC3200259B80 /* ITunesApp */;
			targetProxy = F9E51261273EDC3400259B80 /* PBXContainerItemProxy */;
		};
		F9E5126C273EDC3400259B80 /* PBXTargetDependency */ = {
			isa = PBXTargetDependency;
			target = F9E51249273EDC3200259B80 /* ITunesApp */;
			targetProxy = F9E5126B273EDC3400259B80 /* PBXContainerItemProxy */;
		};
/* End PBXTargetDependency section */

/* Begin PBXVariantGroup section */
		F9E51258273EDC3300259B80 /* LaunchScreen.storyboard */ = {
			isa = PBXVariantGroup;
			children = (
				F9E51259273EDC3300259B80 /* Base */,
			);
			name = LaunchScreen.storyboard;
			sourceTree = "<group>";
		};
/* End PBXVariantGroup section */

/* Begin XCBuildConfiguration section */
		F9E51272273EDC3400259B80 /* Debug */ = {
			isa = XCBuildConfiguration;
			buildSettings = {
				ALWAYS_SEARCH_USER_PATHS = NO;
				CLANG_ANALYZER_NONNULL = YES;
				CLANG_ANALYZER_NUMBER_OBJECT_CONVERSION = YES_AGGRESSIVE;
				CLANG_CXX_LANGUAGE_STANDARD = "gnu++17";
				CLANG_CXX_LIBRARY = "libc++";
				CLANG_ENABLE_MODULES = YES;
				CLANG_ENABLE_OBJC_ARC = YES;
				CLANG_ENABLE_OBJC_WEAK = YES;
				CLANG_WARN_BLOCK_CAPTURE_AUTORELEASING = YES;
				CLANG_WARN_BOOL_CONVERSION = YES;
				CLANG_WARN_COMMA = YES;
				CLANG_WARN_CONSTANT_CONVERSION = YES;
				CLANG_WARN_DEPRECATED_OBJC_IMPLEMENTATIONS = YES;
				CLANG_WARN_DIRECT_OBJC_ISA_USAGE = YES_ERROR;
				CLANG_WARN_DOCUMENTATION_COMMENTS = YES;
				CLANG_WARN_EMPTY_BODY = YES;
				CLANG_WARN_ENUM_CONVERSION = YES;
				CLANG_WARN_INFINITE_RECURSION = YES;
				CLANG_WARN_INT_CONVERSION = YES;
				CLANG_WARN_NON_LITERAL_NULL_CONVERSION = YES;
				CLANG_WARN_OBJC_IMPLICIT_RETAIN_SELF = YES;
				CLANG_WARN_OBJC_LITERAL_CONVERSION = YES;
				CLANG_WARN_OBJC_ROOT_CLASS = YES_ERROR;
				CLANG_WARN_QUOTED_INCLUDE_IN_FRAMEWORK_HEADER = YES;
				CLANG_WARN_RANGE_LOOP_ANALYSIS = YES;
				CLANG_WARN_STRICT_PROTOTYPES = YES;
				CLANG_WARN_SUSPICIOUS_MOVE = YES;
				CLANG_WARN_UNGUARDED_AVAILABILITY = YES_AGGRESSIVE;
				CLANG_WARN_UNREACHABLE_CODE = YES;
				CLANG_WARN__DUPLICATE_METHOD_MATCH = YES;
				COPY_PHASE_STRIP = NO;
				DEBUG_INFORMATION_FORMAT = dwarf;
				ENABLE_STRICT_OBJC_MSGSEND = YES;
				ENABLE_TESTABILITY = YES;
				GCC_C_LANGUAGE_STANDARD = gnu11;
				GCC_DYNAMIC_NO_PIC = NO;
				GCC_NO_COMMON_BLOCKS = YES;
				GCC_OPTIMIZATION_LEVEL = 0;
				GCC_PREPROCESSOR_DEFINITIONS = (
					"DEBUG=1",
					"$(inherited)",
				);
				GCC_WARN_64_TO_32_BIT_CONVERSION = YES;
				GCC_WARN_ABOUT_RETURN_TYPE = YES_ERROR;
				GCC_WARN_UNDECLARED_SELECTOR = YES;
				GCC_WARN_UNINITIALIZED_AUTOS = YES_AGGRESSIVE;
				GCC_WARN_UNUSED_FUNCTION = YES;
				GCC_WARN_UNUSED_VARIABLE = YES;
				IPHONEOS_DEPLOYMENT_TARGET = 15.0;
				MTL_ENABLE_DEBUG_INFO = INCLUDE_SOURCE;
				MTL_FAST_MATH = YES;
				ONLY_ACTIVE_ARCH = YES;
				SDKROOT = iphoneos;
				SWIFT_ACTIVE_COMPILATION_CONDITIONS = DEBUG;
				SWIFT_OPTIMIZATION_LEVEL = "-Onone";
			};
			name = Debug;
		};
		F9E51273273EDC3400259B80 /* Release */ = {
			isa = XCBuildConfiguration;
			buildSettings = {
				ALWAYS_SEARCH_USER_PATHS = NO;
				CLANG_ANALYZER_NONNULL = YES;
				CLANG_ANALYZER_NUMBER_OBJECT_CONVERSION = YES_AGGRESSIVE;
				CLANG_CXX_LANGUAGE_STANDARD = "gnu++17";
				CLANG_CXX_LIBRARY = "libc++";
				CLANG_ENABLE_MODULES = YES;
				CLANG_ENABLE_OBJC_ARC = YES;
				CLANG_ENABLE_OBJC_WEAK = YES;
				CLANG_WARN_BLOCK_CAPTURE_AUTORELEASING = YES;
				CLANG_WARN_BOOL_CONVERSION = YES;
				CLANG_WARN_COMMA = YES;
				CLANG_WARN_CONSTANT_CONVERSION = YES;
				CLANG_WARN_DEPRECATED_OBJC_IMPLEMENTATIONS = YES;
				CLANG_WARN_DIRECT_OBJC_ISA_USAGE = YES_ERROR;
				CLANG_WARN_DOCUMENTATION_COMMENTS = YES;
				CLANG_WARN_EMPTY_BODY = YES;
				CLANG_WARN_ENUM_CONVERSION = YES;
				CLANG_WARN_INFINITE_RECURSION = YES;
				CLANG_WARN_INT_CONVERSION = YES;
				CLANG_WARN_NON_LITERAL_NULL_CONVERSION = YES;
				CLANG_WARN_OBJC_IMPLICIT_RETAIN_SELF = YES;
				CLANG_WARN_OBJC_LITERAL_CONVERSION = YES;
				CLANG_WARN_OBJC_ROOT_CLASS = YES_ERROR;
				CLANG_WARN_QUOTED_INCLUDE_IN_FRAMEWORK_HEADER = YES;
				CLANG_WARN_RANGE_LOOP_ANALYSIS = YES;
				CLANG_WARN_STRICT_PROTOTYPES = YES;
				CLANG_WARN_SUSPICIOUS_MOVE = YES;
				CLANG_WARN_UNGUARDED_AVAILABILITY = YES_AGGRESSIVE;
				CLANG_WARN_UNREACHABLE_CODE = YES;
				CLANG_WARN__DUPLICATE_METHOD_MATCH = YES;
				COPY_PHASE_STRIP = NO;
				DEBUG_INFORMATION_FORMAT = "dwarf-with-dsym";
				ENABLE_NS_ASSERTIONS = NO;
				ENABLE_STRICT_OBJC_MSGSEND = YES;
				GCC_C_LANGUAGE_STANDARD = gnu11;
				GCC_NO_COMMON_BLOCKS = YES;
				GCC_WARN_64_TO_32_BIT_CONVERSION = YES;
				GCC_WARN_ABOUT_RETURN_TYPE = YES_ERROR;
				GCC_WARN_UNDECLARED_SELECTOR = YES;
				GCC_WARN_UNINITIALIZED_AUTOS = YES_AGGRESSIVE;
				GCC_WARN_UNUSED_FUNCTION = YES;
				GCC_WARN_UNUSED_VARIABLE = YES;
				IPHONEOS_DEPLOYMENT_TARGET = 15.0;
				MTL_ENABLE_DEBUG_INFO = NO;
				MTL_FAST_MATH = YES;
				SDKROOT = iphoneos;
				SWIFT_COMPILATION_MODE = wholemodule;
				SWIFT_OPTIMIZATION_LEVEL = "-O";
				VALIDATE_PRODUCT = YES;
			};
			name = Release;
		};
		F9E51275273EDC3400259B80 /* Debug */ = {
			isa = XCBuildConfiguration;
			buildSettings = {
				ASSETCATALOG_COMPILER_APPICON_NAME = AppIcon;
				ASSETCATALOG_COMPILER_GLOBAL_ACCENT_COLOR_NAME = AccentColor;
				CODE_SIGN_STYLE = Automatic;
				CURRENT_PROJECT_VERSION = 1;
				DEVELOPMENT_TEAM = R2TF4J9L8G;
				GENERATE_INFOPLIST_FILE = YES;
				INFOPLIST_FILE = ITunesApp/Info.plist;
				INFOPLIST_KEY_UIApplicationSupportsIndirectInputEvents = YES;
				INFOPLIST_KEY_UILaunchStoryboardName = LaunchScreen;
				INFOPLIST_KEY_UISupportedInterfaceOrientations_iPad = "UIInterfaceOrientationPortrait UIInterfaceOrientationPortraitUpsideDown UIInterfaceOrientationLandscapeLeft UIInterfaceOrientationLandscapeRight";
				INFOPLIST_KEY_UISupportedInterfaceOrientations_iPhone = "UIInterfaceOrientationPortrait UIInterfaceOrientationLandscapeLeft UIInterfaceOrientationLandscapeRight";
				LD_RUNPATH_SEARCH_PATHS = (
					"$(inherited)",
					"@executable_path/Frameworks",
				);
				MARKETING_VERSION = 1.0;
				PRODUCT_BUNDLE_IDENTIFIER = com.slavaglc.ITunesApp;
				PRODUCT_NAME = "$(TARGET_NAME)";
				SWIFT_EMIT_LOC_STRINGS = YES;
				SWIFT_VERSION = 5.0;
				TARGETED_DEVICE_FAMILY = "1,2";
			};
			name = Debug;
		};
		F9E51276273EDC3400259B80 /* Release */ = {
			isa = XCBuildConfiguration;
			buildSettings = {
				ASSETCATALOG_COMPILER_APPICON_NAME = AppIcon;
				ASSETCATALOG_COMPILER_GLOBAL_ACCENT_COLOR_NAME = AccentColor;
				CODE_SIGN_STYLE = Automatic;
				CURRENT_PROJECT_VERSION = 1;
				DEVELOPMENT_TEAM = R2TF4J9L8G;
				GENERATE_INFOPLIST_FILE = YES;
				INFOPLIST_FILE = ITunesApp/Info.plist;
				INFOPLIST_KEY_UIApplicationSupportsIndirectInputEvents = YES;
				INFOPLIST_KEY_UILaunchStoryboardName = LaunchScreen;
				INFOPLIST_KEY_UISupportedInterfaceOrientations_iPad = "UIInterfaceOrientationPortrait UIInterfaceOrientationPortraitUpsideDown UIInterfaceOrientationLandscapeLeft UIInterfaceOrientationLandscapeRight";
				INFOPLIST_KEY_UISupportedInterfaceOrientations_iPhone = "UIInterfaceOrientationPortrait UIInterfaceOrientationLandscapeLeft UIInterfaceOrientationLandscapeRight";
				LD_RUNPATH_SEARCH_PATHS = (
					"$(inherited)",
					"@executable_path/Frameworks",
				);
				MARKETING_VERSION = 1.0;
				PRODUCT_BUNDLE_IDENTIFIER = com.slavaglc.ITunesApp;
				PRODUCT_NAME = "$(TARGET_NAME)";
				SWIFT_EMIT_LOC_STRINGS = YES;
				SWIFT_VERSION = 5.0;
				TARGETED_DEVICE_FAMILY = "1,2";
			};
			name = Release;
		};
		F9E51278273EDC3400259B80 /* Debug */ = {
			isa = XCBuildConfiguration;
			buildSettings = {
				ALWAYS_EMBED_SWIFT_STANDARD_LIBRARIES = YES;
				BUNDLE_LOADER = "$(TEST_HOST)";
				CODE_SIGN_STYLE = Automatic;
				CURRENT_PROJECT_VERSION = 1;
				DEVELOPMENT_TEAM = R2TF4J9L8G;
				GENERATE_INFOPLIST_FILE = YES;
				IPHONEOS_DEPLOYMENT_TARGET = 15.0;
				LD_RUNPATH_SEARCH_PATHS = (
					"$(inherited)",
					"@executable_path/Frameworks",
					"@loader_path/Frameworks",
				);
				MARKETING_VERSION = 1.0;
				PRODUCT_BUNDLE_IDENTIFIER = com.slavaglc.ITunesAppTests;
				PRODUCT_NAME = "$(TARGET_NAME)";
				SWIFT_EMIT_LOC_STRINGS = NO;
				SWIFT_VERSION = 5.0;
				TARGETED_DEVICE_FAMILY = "1,2";
				TEST_HOST = "$(BUILT_PRODUCTS_DIR)/ITunesApp.app/ITunesApp";
			};
			name = Debug;
		};
		F9E51279273EDC3400259B80 /* Release */ = {
			isa = XCBuildConfiguration;
			buildSettings = {
				ALWAYS_EMBED_SWIFT_STANDARD_LIBRARIES = YES;
				BUNDLE_LOADER = "$(TEST_HOST)";
				CODE_SIGN_STYLE = Automatic;
				CURRENT_PROJECT_VERSION = 1;
				DEVELOPMENT_TEAM = R2TF4J9L8G;
				GENERATE_INFOPLIST_FILE = YES;
				IPHONEOS_DEPLOYMENT_TARGET = 15.0;
				LD_RUNPATH_SEARCH_PATHS = (
					"$(inherited)",
					"@executable_path/Frameworks",
					"@loader_path/Frameworks",
				);
				MARKETING_VERSION = 1.0;
				PRODUCT_BUNDLE_IDENTIFIER = com.slavaglc.ITunesAppTests;
				PRODUCT_NAME = "$(TARGET_NAME)";
				SWIFT_EMIT_LOC_STRINGS = NO;
				SWIFT_VERSION = 5.0;
				TARGETED_DEVICE_FAMILY = "1,2";
				TEST_HOST = "$(BUILT_PRODUCTS_DIR)/ITunesApp.app/ITunesApp";
			};
			name = Release;
		};
		F9E5127B273EDC3400259B80 /* Debug */ = {
			isa = XCBuildConfiguration;
			buildSettings = {
				ALWAYS_EMBED_SWIFT_STANDARD_LIBRARIES = YES;
				CODE_SIGN_STYLE = Automatic;
				CURRENT_PROJECT_VERSION = 1;
				DEVELOPMENT_TEAM = R2TF4J9L8G;
				GENERATE_INFOPLIST_FILE = YES;
				LD_RUNPATH_SEARCH_PATHS = (
					"$(inherited)",
					"@executable_path/Frameworks",
					"@loader_path/Frameworks",
				);
				MARKETING_VERSION = 1.0;
				PRODUCT_BUNDLE_IDENTIFIER = com.slavaglc.ITunesAppUITests;
				PRODUCT_NAME = "$(TARGET_NAME)";
				SWIFT_EMIT_LOC_STRINGS = NO;
				SWIFT_VERSION = 5.0;
				TARGETED_DEVICE_FAMILY = "1,2";
				TEST_TARGET_NAME = ITunesApp;
			};
			name = Debug;
		};
		F9E5127C273EDC3400259B80 /* Release */ = {
			isa = XCBuildConfiguration;
			buildSettings = {
				ALWAYS_EMBED_SWIFT_STANDARD_LIBRARIES = YES;
				CODE_SIGN_STYLE = Automatic;
				CURRENT_PROJECT_VERSION = 1;
				DEVELOPMENT_TEAM = R2TF4J9L8G;
				GENERATE_INFOPLIST_FILE = YES;
				LD_RUNPATH_SEARCH_PATHS = (
					"$(inherited)",
					"@executable_path/Frameworks",
					"@loader_path/Frameworks",
				);
				MARKETING_VERSION = 1.0;
				PRODUCT_BUNDLE_IDENTIFIER = com.slavaglc.ITunesAppUITests;
				PRODUCT_NAME = "$(TARGET_NAME)";
				SWIFT_EMIT_LOC_STRINGS = NO;
				SWIFT_VERSION = 5.0;
				TARGETED_DEVICE_FAMILY = "1,2";
				TEST_TARGET_NAME = ITunesApp;
			};
			name = Release;
		};
/* End XCBuildConfiguration section */

/* Begin XCConfigurationList section */
		F9E51245273EDC3200259B80 /* Build configuration list for PBXProject "ITunesApp" */ = {
			isa = XCConfigurationList;
			buildConfigurations = (
				F9E51272273EDC3400259B80 /* Debug */,
				F9E51273273EDC3400259B80 /* Release */,
			);
			defaultConfigurationIsVisible = 0;
			defaultConfigurationName = Release;
		};
		F9E51274273EDC3400259B80 /* Build configuration list for PBXNativeTarget "ITunesApp" */ = {
			isa = XCConfigurationList;
			buildConfigurations = (
				F9E51275273EDC3400259B80 /* Debug */,
				F9E51276273EDC3400259B80 /* Release */,
			);
			defaultConfigurationIsVisible = 0;
			defaultConfigurationName = Release;
		};
		F9E51277273EDC3400259B80 /* Build configuration list for PBXNativeTarget "ITunesAppTests" */ = {
			isa = XCConfigurationList;
			buildConfigurations = (
				F9E51278273EDC3400259B80 /* Debug */,
				F9E51279273EDC3400259B80 /* Release */,
			);
			defaultConfigurationIsVisible = 0;
			defaultConfigurationName = Release;
		};
		F9E5127A273EDC3400259B80 /* Build configuration list for PBXNativeTarget "ITunesAppUITests" */ = {
			isa = XCConfigurationList;
			buildConfigurations = (
				F9E5127B273EDC3400259B80 /* Debug */,
				F9E5127C273EDC3400259B80 /* Release */,
			);
			defaultConfigurationIsVisible = 0;
			defaultConfigurationName = Release;
		};
/* End XCConfigurationList section */
	};
	rootObject = F9E51242273EDC3200259B80 /* Project object */;
}
